
Microsoft Visual Studio Solution File, Format Version 12.00
Project("{FAE04EC0-301F-11D3-BF4B-00C04F79EFBC}") = "Ozon.MerchandiseService", "src\Ozon.MerchandiseService\Ozon.MerchandiseService.csproj", "{77A9C35A-00CF-4012-82C7-2EEA51EEC86A}"
EndProject
Project("{2150E333-8FDC-42A3-9474-1A3956D46DE8}") = "src", "src", "{3034B2D3-1F4C-4C1C-A2F8-A4AD22FFA72B}"
EndProject
Project("{2150E333-8FDC-42A3-9474-1A3956D46DE8}") = "common", "common", "{36DF2D13-3EEE-484E-B785-7A476F750A4F}"
ProjectSection(SolutionItems) = preProject
	.gitignore = .gitignore
	README.md = README.md
EndProjectSection
EndProject
Project("{2150E333-8FDC-42A3-9474-1A3956D46DE8}") = "tests", "tests", "{A766FCFD-64C2-43C9-BC49-E32AAC6FEEF9}"
EndProject
Project("{2150E333-8FDC-42A3-9474-1A3956D46DE8}") = "Ozon.MerchandiseService", "Ozon.MerchandiseService", "{DA7C31F1-A4EC-4BFB-BA57-6434CDE26EBA}"
EndProject
Project("{2150E333-8FDC-42A3-9474-1A3956D46DE8}") = "deploy", "deploy", "{2A516C48-785A-45DA-8534-B2F0B84EC98A}"
ProjectSection(SolutionItems) = preProject
	docker-compose.yml = docker-compose.yml
	Dockerfile = Dockerfile
EndProjectSection
EndProject
Global
	GlobalSection(SolutionConfigurationPlatforms) = preSolution
		Debug|Any CPU = Debug|Any CPU
		Release|Any CPU = Release|Any CPU
	EndGlobalSection
	GlobalSection(ProjectConfigurationPlatforms) = postSolution
		{77A9C35A-00CF-4012-82C7-2EEA51EEC86A}.Debug|Any CPU.ActiveCfg = Debug|Any CPU
		{77A9C35A-00CF-4012-82C7-2EEA51EEC86A}.Debug|Any CPU.Build.0 = Debug|Any CPU
		{77A9C35A-00CF-4012-82C7-2EEA51EEC86A}.Release|Any CPU.ActiveCfg = Release|Any CPU
		{77A9C35A-00CF-4012-82C7-2EEA51EEC86A}.Release|Any CPU.Build.0 = Release|Any CPU
	EndGlobalSection
	GlobalSection(NestedProjects) = preSolution
		{DA7C31F1-A4EC-4BFB-BA57-6434CDE26EBA} = {3034B2D3-1F4C-4C1C-A2F8-A4AD22FFA72B}
		{77A9C35A-00CF-4012-82C7-2EEA51EEC86A} = {DA7C31F1-A4EC-4BFB-BA57-6434CDE26EBA}
	EndGlobalSection
EndGlobal
